
Microsoft Visual Studio Solution File, Format Version 12.00
# Visual Studio Version 17
VisualStudioVersion = 17.13.35931.197
MinimumVisualStudioVersion = 10.0.40219.1
Project("{FAE04EC0-301F-11D3-BF4B-00C04F79EFBC}") = "EmployeeManagementAPI", "EmployeeManagementAPI\EmployeeManagementAPI.csproj", "{511D4B37-ED92-44A7-B9ED-A2C4C0C1E35F}"
EndProject
Project("{2150E333-8FDC-42A3-9474-1A3956D46DE8}") = "Libraries", "Libraries", "{02EA681E-C7D8-13C7-8484-4AC65E1B71E8}"
EndProject
Global
	GlobalSection(SolutionConfigurationPlatforms) = preSolution
		Debug|Any CPU = Debug|Any CPU
		Release|Any CPU = Release|Any CPU
	EndGlobalSection
	GlobalSection(ProjectConfigurationPlatforms) = postSolution
		{511D4B37-ED92-44A7-B9ED-A2C4C0C1E35F}.Debug|Any CPU.ActiveCfg = Debug|Any CPU
		{511D4B37-ED92-44A7-B9ED-A2C4C0C1E35F}.Debug|Any CPU.Build.0 = Debug|Any CPU
		{511D4B37-ED92-44A7-B9ED-A2C4C0C1E35F}.Release|Any CPU.ActiveCfg = Release|Any CPU
		{511D4B37-ED92-44A7-B9ED-A2C4C0C1E35F}.Release|Any CPU.Build.0 = Release|Any CPU
	EndGlobalSection
	GlobalSection(SolutionProperties) = preSolution
		HideSolutionNode = FALSE
	EndGlobalSection
	GlobalSection(ExtensibilityGlobals) = postSolution
		SolutionGuid = {07755B29-6BC7-41F1-A244-6572B672E91D}
	EndGlobalSection
EndGlobal
